
Microsoft Visual Studio Solution File, Format Version 12.00
# Visual Studio Version 16
VisualStudioVersion = 16.0.31911.196
MinimumVisualStudioVersion = 10.0.40219.1
Project("{FAE04EC0-301F-11D3-BF4B-00C04F79EFBC}") = "NameGen", "NameGen\NameGen.csproj", "{6596D166-655F-45E3-9E7F-F3B0EB4D1695}"
EndProject
Global
	GlobalSection(SolutionConfigurationPlatforms) = preSolution
		Debug|Any CPU = Debug|Any CPU
		Release|Any CPU = Release|Any CPU
	EndGlobalSection
	GlobalSection(ProjectConfigurationPlatforms) = postSolution
		{6596D166-655F-45E3-9E7F-F3B0EB4D1695}.Debug|Any CPU.ActiveCfg = Debug|Any CPU
		{6596D166-655F-45E3-9E7F-F3B0EB4D1695}.Debug|Any CPU.Build.0 = Debug|Any CPU
		{6596D166-655F-45E3-9E7F-F3B0EB4D1695}.Release|Any CPU.ActiveCfg = Release|Any CPU
		{6596D166-655F-45E3-9E7F-F3B0EB4D1695}.Release|Any CPU.Build.0 = Release|Any CPU
	EndGlobalSection
	GlobalSection(SolutionProperties) = preSolution
		HideSolutionNode = FALSE
	EndGlobalSection
	GlobalSection(ExtensibilityGlobals) = postSolution
		SolutionGuid = {EE4C37F7-D0A4-4896-B4AE-298F9F78ED82}
	EndGlobalSection
EndGlobal
