
Microsoft Visual Studio Solution File, Format Version 12.00
# Visual Studio Version 16
VisualStudioVersion = 16.0.31911.196
MinimumVisualStudioVersion = 10.0.40219.1
Project("{FAE04EC0-301F-11D3-BF4B-00C04F79EFBC}") = "Name Generator", "Account Generator\Name Generator.csproj", "{6214E820-2510-4529-9E39-8C5C58391275}"
EndProject
Global
	GlobalSection(SolutionConfigurationPlatforms) = preSolution
		Debug|Any CPU = Debug|Any CPU
		Release|Any CPU = Release|Any CPU
	EndGlobalSection
	GlobalSection(ProjectConfigurationPlatforms) = postSolution
		{6214E820-2510-4529-9E39-8C5C58391275}.Debug|Any CPU.ActiveCfg = Debug|Any CPU
		{6214E820-2510-4529-9E39-8C5C58391275}.Debug|Any CPU.Build.0 = Debug|Any CPU
		{6214E820-2510-4529-9E39-8C5C58391275}.Release|Any CPU.ActiveCfg = Release|Any CPU
		{6214E820-2510-4529-9E39-8C5C58391275}.Release|Any CPU.Build.0 = Release|Any CPU
	EndGlobalSection
	GlobalSection(SolutionProperties) = preSolution
		HideSolutionNode = FALSE
	EndGlobalSection
	GlobalSection(ExtensibilityGlobals) = postSolution
		SolutionGuid = {58227989-0280-4029-AB4C-BFA7061FE892}
	EndGlobalSection
EndGlobal
